
Microsoft Visual Studio Solution File, Format Version 12.00
# Visual Studio Version 17
VisualStudioVersion = 17.14.36414.22 d17.14
MinimumVisualStudioVersion = 10.0.40219.1
Project("{FAE04EC0-301F-11D3-BF4B-00C04F79EFBC}") = "DemoAdo", "DemoAdo\DemoAdo.csproj", "{688F8374-A551-4760-B808-EBC738031765}"
EndProject
Project("{00D1A9C2-B5F0-4AF3-8072-F6C62B433612}") = "Database", "Database\Database.sqlproj", "{9C375A4D-386C-4490-AFB8-4CDE128EA87D}"
EndProject
Global
	GlobalSection(SolutionConfigurationPlatforms) = preSolution
		Debug|Any CPU = Debug|Any CPU
		Release|Any CPU = Release|Any CPU
	EndGlobalSection
	GlobalSection(ProjectConfigurationPlatforms) = postSolution
		{688F8374-A551-4760-B808-EBC738031765}.Debug|Any CPU.ActiveCfg = Debug|Any CPU
		{688F8374-A551-4760-B808-EBC738031765}.Debug|Any CPU.Build.0 = Debug|Any CPU
		{688F8374-A551-4760-B808-EBC738031765}.Release|Any CPU.ActiveCfg = Release|Any CPU
		{688F8374-A551-4760-B808-EBC738031765}.Release|Any CPU.Build.0 = Release|Any CPU
		{9C375A4D-386C-4490-AFB8-4CDE128EA87D}.Debug|Any CPU.ActiveCfg = Debug|Any CPU
		{9C375A4D-386C-4490-AFB8-4CDE128EA87D}.Debug|Any CPU.Build.0 = Debug|Any CPU
		{9C375A4D-386C-4490-AFB8-4CDE128EA87D}.Debug|Any CPU.Deploy.0 = Debug|Any CPU
		{9C375A4D-386C-4490-AFB8-4CDE128EA87D}.Release|Any CPU.ActiveCfg = Release|Any CPU
		{9C375A4D-386C-4490-AFB8-4CDE128EA87D}.Release|Any CPU.Build.0 = Release|Any CPU
		{9C375A4D-386C-4490-AFB8-4CDE128EA87D}.Release|Any CPU.Deploy.0 = Release|Any CPU
	EndGlobalSection
	GlobalSection(SolutionProperties) = preSolution
		HideSolutionNode = FALSE
	EndGlobalSection
	GlobalSection(ExtensibilityGlobals) = postSolution
		SolutionGuid = {C4A0518C-D96B-4630-BF0F-9D5A8F72B9F0}
	EndGlobalSection
EndGlobal
